Microsoft Visual Studio Solution File, Format Version 12.00
# Visual Studio 15
Project("{FAE04EC0-301F-11D3-BF4B-00C04F79EFBC}") = "edusent-service", "edusent-service\edusent-service.csproj", "{A7ED4C4B-9889-425D-BF9C-CDCE013DFFCD}"
EndProject
Global
	GlobalSection(SolutionConfigurationPlatforms) = preSolution
		Debug|Any CPU = Debug|Any CPU
		Release|Any CPU = Release|Any CPU
	EndGlobalSection
	GlobalSection(ProjectConfigurationPlatforms) = postSolution
		{A7ED4C4B-9889-425D-BF9C-CDCE013DFFCD}.Debug|Any CPU.ActiveCfg = Debug|Any CPU
		{A7ED4C4B-9889-425D-BF9C-CDCE013DFFCD}.Debug|Any CPU.Build.0 = Debug|Any CPU
		{A7ED4C4B-9889-425D-BF9C-CDCE013DFFCD}.Release|Any CPU.ActiveCfg = Release|Any CPU
		{A7ED4C4B-9889-425D-BF9C-CDCE013DFFCD}.Release|Any CPU.Build.0 = Release|Any CPU
	EndGlobalSection
EndGlobal
